
Microsoft Visual Studio Solution File, Format Version 9.00
# Visual Studio 2005
Project("{FAE04EC0-301F-11D3-BF4B-00C04F79EFBC}") = "PcClient", "PcClient\PcClient.csproj", "{2F749FDB-7FA9-4C2F-8796-92C1670E2009}"
EndProject
Global
	GlobalSection(SolutionConfigurationPlatforms) = preSolution
		Debug|Any CPU = Debug|Any CPU
		Release|Any CPU = Release|Any CPU
	EndGlobalSection
	GlobalSection(ProjectConfigurationPlatforms) = postSolution
		{2F749FDB-7FA9-4C2F-8796-92C1670E2009}.Debug|Any CPU.ActiveCfg = Debug|Any CPU
		{2F749FDB-7FA9-4C2F-8796-92C1670E2009}.Debug|Any CPU.Build.0 = Debug|Any CPU
		{2F749FDB-7FA9-4C2F-8796-92C1670E2009}.Release|Any CPU.ActiveCfg = Release|Any CPU
		{2F749FDB-7FA9-4C2F-8796-92C1670E2009}.Release|Any CPU.Build.0 = Release|Any CPU
	EndGlobalSection
	GlobalSection(SolutionProperties) = preSolution
		HideSolutionNode = FALSE
	EndGlobalSection
EndGlobal
